
Microsoft Visual Studio Solution File, Format Version 12.00
# Visual Studio 2013
VisualStudioVersion = 12.0.40629.0
MinimumVisualStudioVersion = 10.0.40219.1
Project("{FAE04EC0-301F-11D3-BF4B-00C04F79EFBC}") = "Tests", "Tests\Tests.csproj", "{7B0BED03-946A-4D0C-AC86-DE295FA971E3}"
EndProject
Project("{FAE04EC0-301F-11D3-BF4B-00C04F79EFBC}") = "TestUtility", "TestUtility\TestUtility.csproj", "{1BD2DB70-EE31-468E-B6D6-2EEA85729F24}"
EndProject
Project("{2150E333-8FDC-42A3-9474-1A3956D46DE8}") = "Solution Items", "Solution Items", "{44402A7A-2258-4084-8C4E-3D57065E0F1E}"
	ProjectSection(SolutionItems) = preProject
		.gitignore = .gitignore
		LICENSE.md = LICENSE.md
		README.md = README.md
	EndProjectSection
EndProject
Project("{FAE04EC0-301F-11D3-BF4B-00C04F79EFBC}") = "ORegex.net40", "ORegex\ORegex.net40.csproj", "{8FDBEA09-300D-4E58-91FD-214049C533B9}"
EndProject
Project("{FAE04EC0-301F-11D3-BF4B-00C04F79EFBC}") = "ORegex.net45", "ORegex\ORegex.net45.csproj", "{57B36ADC-F2A6-418E-8EBB-EFEC34D66831}"
EndProject
Project("{2150E333-8FDC-42A3-9474-1A3956D46DE8}") = "NuGet", "NuGet", "{0DFE03C1-E6A3-4E4C-AE38-AF08611F1B6F}"
	ProjectSection(SolutionItems) = preProject
		NuGet\nuget.exe = NuGet\nuget.exe
		NuGet\ORegex.nuspec = NuGet\ORegex.nuspec
		NuGet\pack.bat = NuGet\pack.bat
		NuGet\README.md = NuGet\README.md
	EndProjectSection
EndProject
Global
	GlobalSection(SolutionConfigurationPlatforms) = preSolution
		Debug|Any CPU = Debug|Any CPU
		Release|Any CPU = Release|Any CPU
	EndGlobalSection
	GlobalSection(ProjectConfigurationPlatforms) = postSolution
		{7B0BED03-946A-4D0C-AC86-DE295FA971E3}.Debug|Any CPU.ActiveCfg = Debug|Any CPU
		{7B0BED03-946A-4D0C-AC86-DE295FA971E3}.Debug|Any CPU.Build.0 = Debug|Any CPU
		{7B0BED03-946A-4D0C-AC86-DE295FA971E3}.Release|Any CPU.ActiveCfg = Release|Any CPU
		{7B0BED03-946A-4D0C-AC86-DE295FA971E3}.Release|Any CPU.Build.0 = Release|Any CPU
		{1BD2DB70-EE31-468E-B6D6-2EEA85729F24}.Debug|Any CPU.ActiveCfg = Debug|Any CPU
		{1BD2DB70-EE31-468E-B6D6-2EEA85729F24}.Debug|Any CPU.Build.0 = Debug|Any CPU
		{1BD2DB70-EE31-468E-B6D6-2EEA85729F24}.Release|Any CPU.ActiveCfg = Release|Any CPU
		{1BD2DB70-EE31-468E-B6D6-2EEA85729F24}.Release|Any CPU.Build.0 = Release|Any CPU
		{8FDBEA09-300D-4E58-91FD-214049C533B9}.Debug|Any CPU.ActiveCfg = Debug|Any CPU
		{8FDBEA09-300D-4E58-91FD-214049C533B9}.Debug|Any CPU.Build.0 = Debug|Any CPU
		{8FDBEA09-300D-4E58-91FD-214049C533B9}.Release|Any CPU.ActiveCfg = Release|Any CPU
		{8FDBEA09-300D-4E58-91FD-214049C533B9}.Release|Any CPU.Build.0 = Release|Any CPU
		{57B36ADC-F2A6-418E-8EBB-EFEC34D66831}.Debug|Any CPU.ActiveCfg = Debug|Any CPU
		{57B36ADC-F2A6-418E-8EBB-EFEC34D66831}.Debug|Any CPU.Build.0 = Debug|Any CPU
		{57B36ADC-F2A6-418E-8EBB-EFEC34D66831}.Release|Any CPU.ActiveCfg = Release|Any CPU
		{57B36ADC-F2A6-418E-8EBB-EFEC34D66831}.Release|Any CPU.Build.0 = Release|Any CPU
	EndGlobalSection
	GlobalSection(SolutionProperties) = preSolution
		HideSolutionNode = FALSE
	EndGlobalSection
	GlobalSection(NestedProjects) = preSolution
		{0DFE03C1-E6A3-4E4C-AE38-AF08611F1B6F} = {44402A7A-2258-4084-8C4E-3D57065E0F1E}
	EndGlobalSection
EndGlobal
